
Microsoft Visual Studio Solution File, Format Version 12.00
# Visual Studio Version 16
VisualStudioVersion = 16.0.29215.179
MinimumVisualStudioVersion = 10.0.40219.1
Project("{FAE04EC0-301F-11D3-BF4B-00C04F79EFBC}") = "문제5", "문제5\문제5.csproj", "{CCCF747C-008B-430F-B50D-5ABECB51F5AE}"
EndProject
Global
	GlobalSection(SolutionConfigurationPlatforms) = preSolution
		Debug|Any CPU = Debug|Any CPU
		Release|Any CPU = Release|Any CPU
	EndGlobalSection
	GlobalSection(ProjectConfigurationPlatforms) = postSolution
		{CCCF747C-008B-430F-B50D-5ABECB51F5AE}.Debug|Any CPU.ActiveCfg = Debug|Any CPU
		{CCCF747C-008B-430F-B50D-5ABECB51F5AE}.Debug|Any CPU.Build.0 = Debug|Any CPU
		{CCCF747C-008B-430F-B50D-5ABECB51F5AE}.Release|Any CPU.ActiveCfg = Release|Any CPU
		{CCCF747C-008B-430F-B50D-5ABECB51F5AE}.Release|Any CPU.Build.0 = Release|Any CPU
	EndGlobalSection
	GlobalSection(SolutionProperties) = preSolution
		HideSolutionNode = FALSE
	EndGlobalSection
	GlobalSection(ExtensibilityGlobals) = postSolution
		SolutionGuid = {B6668D0B-86F3-4EB3-8062-123AAF9D82DD}
	EndGlobalSection
EndGlobal
